
Microsoft Visual Studio Solution File, Format Version 12.00
# Visual Studio Version 17
VisualStudioVersion = 17.11.35222.181
MinimumVisualStudioVersion = 10.0.40219.1
Project("{9A19103F-16F7-4668-BE54-9A1E7A4F7556}") = "Ferret", "Ferret.csproj", "{67C5C470-C123-4452-9CAD-3466BB66E671}"
EndProject
Project("{FAE04EC0-301F-11D3-BF4B-00C04F79EFBC}") = "FerretTesting", "..\FerretTesting\FerretTesting.csproj", "{A3215AE0-819E-4799-9177-53613433ABD2}"
EndProject
Global
	GlobalSection(SolutionConfigurationPlatforms) = preSolution
		Debug|Any CPU = Debug|Any CPU
		Release|Any CPU = Release|Any CPU
	EndGlobalSection
	GlobalSection(ProjectConfigurationPlatforms) = postSolution
		{67C5C470-C123-4452-9CAD-3466BB66E671}.Debug|Any CPU.ActiveCfg = Debug|Any CPU
		{67C5C470-C123-4452-9CAD-3466BB66E671}.Debug|Any CPU.Build.0 = Debug|Any CPU
		{67C5C470-C123-4452-9CAD-3466BB66E671}.Release|Any CPU.ActiveCfg = Release|Any CPU
		{67C5C470-C123-4452-9CAD-3466BB66E671}.Release|Any CPU.Build.0 = Release|Any CPU
		{A3215AE0-819E-4799-9177-53613433ABD2}.Debug|Any CPU.ActiveCfg = Debug|Any CPU
		{A3215AE0-819E-4799-9177-53613433ABD2}.Debug|Any CPU.Build.0 = Debug|Any CPU
		{A3215AE0-819E-4799-9177-53613433ABD2}.Release|Any CPU.ActiveCfg = Release|Any CPU
		{A3215AE0-819E-4799-9177-53613433ABD2}.Release|Any CPU.Build.0 = Release|Any CPU
	EndGlobalSection
	GlobalSection(SolutionProperties) = preSolution
		HideSolutionNode = FALSE
	EndGlobalSection
	GlobalSection(ExtensibilityGlobals) = postSolution
		SolutionGuid = {7EF6A6BA-BD0B-4541-A206-DC587213E47A}
	EndGlobalSection
EndGlobal
